
Microsoft Visual Studio Solution File, Format Version 12.00
# Visual Studio Version 16
VisualStudioVersion = 16.0.30320.27
MinimumVisualStudioVersion = 10.0.40219.1
Project("{FAE04EC0-301F-11D3-BF4B-00C04F79EFBC}") = "ModelBasedTesting", "ModelBasedTesting\ModelBasedTesting.csproj", "{1942212F-95D9-4B2F-B56F-504397E639C9}"
EndProject
Global
	GlobalSection(SolutionConfigurationPlatforms) = preSolution
		Debug|Any CPU = Debug|Any CPU
		Release|Any CPU = Release|Any CPU
	EndGlobalSection
	GlobalSection(ProjectConfigurationPlatforms) = postSolution
		{1942212F-95D9-4B2F-B56F-504397E639C9}.Debug|Any CPU.ActiveCfg = Debug|Any CPU
		{1942212F-95D9-4B2F-B56F-504397E639C9}.Debug|Any CPU.Build.0 = Debug|Any CPU
		{1942212F-95D9-4B2F-B56F-504397E639C9}.Release|Any CPU.ActiveCfg = Release|Any CPU
		{1942212F-95D9-4B2F-B56F-504397E639C9}.Release|Any CPU.Build.0 = Release|Any CPU
	EndGlobalSection
	GlobalSection(SolutionProperties) = preSolution
		HideSolutionNode = FALSE
	EndGlobalSection
	GlobalSection(ExtensibilityGlobals) = postSolution
		SolutionGuid = {5058429A-532B-4D6E-A6AA-2FC178101F77}
	EndGlobalSection
EndGlobal
